
Microsoft Visual Studio Solution File, Format Version 12.00
# Visual Studio Version 17
VisualStudioVersion = 17.5.002.0
MinimumVisualStudioVersion = 10.0.40219.1
Project("{2150E333-8FDC-42A3-9474-1A3956D46DE8}") = "Start", "Start", "{051168C2-CE68-4F9F-A56D-2032E7EEF184}"
EndProject
Project("{2150E333-8FDC-42A3-9474-1A3956D46DE8}") = "Ch2_Basic", "Ch2_Basic", "{07A9D2F7-7C63-472E-94C4-F690FF52140B}"
EndProject
Project("{9A19103F-16F7-4668-BE54-9A1E7A4F7556}") = "Challenge", "Start\Ch2_Basic\Challenge\Challenge.csproj", "{E32A13B3-9156-4C5D-A68F-E6DF0A14349D}"
EndProject
Project("{9A19103F-16F7-4668-BE54-9A1E7A4F7556}") = "LinkedList", "Start\Ch2_Basic\LinkedList\LinkedList.csproj", "{4ECA5786-3CC2-437D-8331-7495349C1B2F}"
EndProject
Project("{9A19103F-16F7-4668-BE54-9A1E7A4F7556}") = "List", "Start\Ch2_Basic\List\List.csproj", "{1926B5D9-5CE8-4A60-9F63-32463E9B4D25}"
EndProject
Project("{2150E333-8FDC-42A3-9474-1A3956D46DE8}") = "Ch3_Advanced", "Ch3_Advanced", "{240249A1-7D38-4B89-8497-48D961894065}"
EndProject
Project("{9A19103F-16F7-4668-BE54-9A1E7A4F7556}") = "Challenge", "Start\Ch3_Advanced\Challenge\Challenge.csproj", "{5C74AA76-AE84-4215-9E67-F7EBB1B6C2C9}"
EndProject
Project("{9A19103F-16F7-4668-BE54-9A1E7A4F7556}") = "Dictionary", "Start\Ch3_Advanced\Dictionary\Dictionary.csproj", "{964F4C41-0AFA-42CB-B00B-1953798620F2}"
EndProject
Project("{9A19103F-16F7-4668-BE54-9A1E7A4F7556}") = "Queue", "Start\Ch3_Advanced\Queue\Queue.csproj", "{759723E6-EE7C-4877-BE5C-F463585D8AFA}"
EndProject
Project("{9A19103F-16F7-4668-BE54-9A1E7A4F7556}") = "Stack", "Start\Ch3_Advanced\Stack\Stack.csproj", "{47F7036D-17CB-4C89-93D9-C9CB37A75C51}"
EndProject
Project("{2150E333-8FDC-42A3-9474-1A3956D46DE8}") = "Ch1_Intro", "Ch1_Intro", "{5DF46281-B418-4850-A914-D2E4D4762531}"
EndProject
Project("{9A19103F-16F7-4668-BE54-9A1E7A4F7556}") = "Basic", "Start\Ch1_Intro\Basic\Basic.csproj", "{E631BBDD-0202-4761-913F-287C5519CEC4}"
EndProject
Project("{2150E333-8FDC-42A3-9474-1A3956D46DE8}") = "Ch4_Specialized", "Ch4_Specialized", "{E7BD9E5E-9D99-4F12-AABC-DD23B8C67785}"
EndProject
Project("{9A19103F-16F7-4668-BE54-9A1E7A4F7556}") = "Challenge", "Start\Ch4_Specialized\Challenge\Challenge.csproj", "{6A9414F8-5E97-459A-812B-F1B4C9467573}"
EndProject
Project("{9A19103F-16F7-4668-BE54-9A1E7A4F7556}") = "StringCollection", "Start\Ch4_Specialized\StringCollection\StringCollection.csproj", "{7D8186BB-5283-4635-B9DB-81D536D0831E}"
EndProject
Project("{9A19103F-16F7-4668-BE54-9A1E7A4F7556}") = "StringBuilder", "Start\Ch4_Specialized\StringBuilder\StringBuilder.csproj", "{3606D42C-2427-462E-A645-1C4C736828B8}"
EndProject
Project("{9A19103F-16F7-4668-BE54-9A1E7A4F7556}") = "OrderedDictExample", "Start\Ch4_Specialized\OrderedDictExample\OrderedDictExample.csproj", "{C3174C18-56B0-4DBA-9304-B3A22C09CA5B}"
EndProject
Project("{9A19103F-16F7-4668-BE54-9A1E7A4F7556}") = "HybridDictExample", "Start\Ch4_Specialized\HybridDictExample\HybridDictExample.csproj", "{12450325-61FE-497E-A7C0-F46144563AFD}"
EndProject
Project("{2150E333-8FDC-42A3-9474-1A3956D46DE8}") = "Finished", "Finished", "{C415C74E-C547-456D-9B00-5DF35064EDD8}"
EndProject
Project("{2150E333-8FDC-42A3-9474-1A3956D46DE8}") = "Ch2_Basic", "Ch2_Basic", "{D811A726-ED9E-497A-B177-7C56998AAC5E}"
EndProject
Project("{9A19103F-16F7-4668-BE54-9A1E7A4F7556}") = "Challenge", "Finished\Ch2_Basic\Challenge\Challenge.csproj", "{853D9538-D9E1-47E3-89B5-F19F162ECD4F}"
EndProject
Project("{9A19103F-16F7-4668-BE54-9A1E7A4F7556}") = "LinkedList", "Finished\Ch2_Basic\LinkedList\LinkedList.csproj", "{3FEEC7FD-322F-4A51-8A14-911F56BBB3A5}"
EndProject
Project("{9A19103F-16F7-4668-BE54-9A1E7A4F7556}") = "List", "Finished\Ch2_Basic\List\List.csproj", "{48C122B9-D8E0-4A43-9679-6387296095FD}"
EndProject
Project("{2150E333-8FDC-42A3-9474-1A3956D46DE8}") = "Ch3_Advanced", "Ch3_Advanced", "{278E7ED9-FE1C-4821-B760-D51C9508E4ED}"
EndProject
Project("{9A19103F-16F7-4668-BE54-9A1E7A4F7556}") = "Challenge", "Finished\Ch3_Advanced\Challenge\Challenge.csproj", "{E12F343F-A76D-4DBF-807C-080D90DFD217}"
EndProject
Project("{9A19103F-16F7-4668-BE54-9A1E7A4F7556}") = "Dictionary", "Finished\Ch3_Advanced\Dictionary\Dictionary.csproj", "{80EB9884-089B-4461-ADEE-C61323C01F93}"
EndProject
Project("{9A19103F-16F7-4668-BE54-9A1E7A4F7556}") = "Queue", "Finished\Ch3_Advanced\Queue\Queue.csproj", "{CF243F63-559F-4710-A21A-35E2AA867CCB}"
EndProject
Project("{9A19103F-16F7-4668-BE54-9A1E7A4F7556}") = "Stack", "Finished\Ch3_Advanced\Stack\Stack.csproj", "{41062FA1-DFC1-4E70-B26F-ED8C6EE019B8}"
EndProject
Project("{2150E333-8FDC-42A3-9474-1A3956D46DE8}") = "Ch1_Intro", "Ch1_Intro", "{C15E3BB6-C767-4ED7-AD83-7E372CBAF7ED}"
EndProject
Project("{9A19103F-16F7-4668-BE54-9A1E7A4F7556}") = "Basic", "Finished\Ch1_Intro\Basic\Basic.csproj", "{9FB717C9-4F11-4B8D-BDB9-A10C1EC8FF80}"
EndProject
Project("{2150E333-8FDC-42A3-9474-1A3956D46DE8}") = "Ch4_Specialized", "Ch4_Specialized", "{48F855B4-EE67-4055-8E3A-C7BCA1B6ED5B}"
EndProject
Project("{9A19103F-16F7-4668-BE54-9A1E7A4F7556}") = "Challenge", "Finished\Ch4_Specialized\Challenge\Challenge.csproj", "{EB0E3E60-105E-449D-81B9-226B1F1B015A}"
EndProject
Project("{9A19103F-16F7-4668-BE54-9A1E7A4F7556}") = "StringCollection", "Finished\Ch4_Specialized\StringCollection\StringCollection.csproj", "{45555DE3-4787-4178-B627-60393FE1039F}"
EndProject
Project("{9A19103F-16F7-4668-BE54-9A1E7A4F7556}") = "StringBuilder", "Finished\Ch4_Specialized\StringBuilder\StringBuilder.csproj", "{60831C40-06F7-4737-81DA-175C5DBAD4F9}"
EndProject
Project("{9A19103F-16F7-4668-BE54-9A1E7A4F7556}") = "OrderedDictExample", "Finished\Ch4_Specialized\OrderedDictExample\OrderedDictExample.csproj", "{FE6EC939-68A5-4091-8491-24E4397353A3}"
EndProject
Project("{9A19103F-16F7-4668-BE54-9A1E7A4F7556}") = "HybridDictExample", "Finished\Ch4_Specialized\HybridDictExample\HybridDictExample.csproj", "{83321335-9783-4A75-9435-2919ABB91684}"
EndProject
Global
	GlobalSection(SolutionConfigurationPlatforms) = preSolution
		Debug|Any CPU = Debug|Any CPU
		Release|Any CPU = Release|Any CPU
	EndGlobalSection
	GlobalSection(ProjectConfigurationPlatforms) = postSolution
		{E32A13B3-9156-4C5D-A68F-E6DF0A14349D}.Debug|Any CPU.ActiveCfg = Debug|Any CPU
		{E32A13B3-9156-4C5D-A68F-E6DF0A14349D}.Debug|Any CPU.Build.0 = Debug|Any CPU
		{E32A13B3-9156-4C5D-A68F-E6DF0A14349D}.Release|Any CPU.ActiveCfg = Release|Any CPU
		{E32A13B3-9156-4C5D-A68F-E6DF0A14349D}.Release|Any CPU.Build.0 = Release|Any CPU
		{4ECA5786-3CC2-437D-8331-7495349C1B2F}.Debug|Any CPU.ActiveCfg = Debug|Any CPU
		{4ECA5786-3CC2-437D-8331-7495349C1B2F}.Debug|Any CPU.Build.0 = Debug|Any CPU
		{4ECA5786-3CC2-437D-8331-7495349C1B2F}.Release|Any CPU.ActiveCfg = Release|Any CPU
		{4ECA5786-3CC2-437D-8331-7495349C1B2F}.Release|Any CPU.Build.0 = Release|Any CPU
		{1926B5D9-5CE8-4A60-9F63-32463E9B4D25}.Debug|Any CPU.ActiveCfg = Debug|Any CPU
		{1926B5D9-5CE8-4A60-9F63-32463E9B4D25}.Debug|Any CPU.Build.0 = Debug|Any CPU
		{1926B5D9-5CE8-4A60-9F63-32463E9B4D25}.Release|Any CPU.ActiveCfg = Release|Any CPU
		{1926B5D9-5CE8-4A60-9F63-32463E9B4D25}.Release|Any CPU.Build.0 = Release|Any CPU
		{5C74AA76-AE84-4215-9E67-F7EBB1B6C2C9}.Debug|Any CPU.ActiveCfg = Debug|Any CPU
		{5C74AA76-AE84-4215-9E67-F7EBB1B6C2C9}.Debug|Any CPU.Build.0 = Debug|Any CPU
		{5C74AA76-AE84-4215-9E67-F7EBB1B6C2C9}.Release|Any CPU.ActiveCfg = Release|Any CPU
		{5C74AA76-AE84-4215-9E67-F7EBB1B6C2C9}.Release|Any CPU.Build.0 = Release|Any CPU
		{964F4C41-0AFA-42CB-B00B-1953798620F2}.Debug|Any CPU.ActiveCfg = Debug|Any CPU
		{964F4C41-0AFA-42CB-B00B-1953798620F2}.Debug|Any CPU.Build.0 = Debug|Any CPU
		{964F4C41-0AFA-42CB-B00B-1953798620F2}.Release|Any CPU.ActiveCfg = Release|Any CPU
		{964F4C41-0AFA-42CB-B00B-1953798620F2}.Release|Any CPU.Build.0 = Release|Any CPU
		{759723E6-EE7C-4877-BE5C-F463585D8AFA}.Debug|Any CPU.ActiveCfg = Debug|Any CPU
		{759723E6-EE7C-4877-BE5C-F463585D8AFA}.Debug|Any CPU.Build.0 = Debug|Any CPU
		{759723E6-EE7C-4877-BE5C-F463585D8AFA}.Release|Any CPU.ActiveCfg = Release|Any CPU
		{759723E6-EE7C-4877-BE5C-F463585D8AFA}.Release|Any CPU.Build.0 = Release|Any CPU
		{47F7036D-17CB-4C89-93D9-C9CB37A75C51}.Debug|Any CPU.ActiveCfg = Debug|Any CPU
		{47F7036D-17CB-4C89-93D9-C9CB37A75C51}.Debug|Any CPU.Build.0 = Debug|Any CPU
		{47F7036D-17CB-4C89-93D9-C9CB37A75C51}.Release|Any CPU.ActiveCfg = Release|Any CPU
		{47F7036D-17CB-4C89-93D9-C9CB37A75C51}.Release|Any CPU.Build.0 = Release|Any CPU
		{E631BBDD-0202-4761-913F-287C5519CEC4}.Debug|Any CPU.ActiveCfg = Debug|Any CPU
		{E631BBDD-0202-4761-913F-287C5519CEC4}.Debug|Any CPU.Build.0 = Debug|Any CPU
		{E631BBDD-0202-4761-913F-287C5519CEC4}.Release|Any CPU.ActiveCfg = Release|Any CPU
		{E631BBDD-0202-4761-913F-287C5519CEC4}.Release|Any CPU.Build.0 = Release|Any CPU
		{6A9414F8-5E97-459A-812B-F1B4C9467573}.Debug|Any CPU.ActiveCfg = Debug|Any CPU
		{6A9414F8-5E97-459A-812B-F1B4C9467573}.Debug|Any CPU.Build.0 = Debug|Any CPU
		{6A9414F8-5E97-459A-812B-F1B4C9467573}.Release|Any CPU.ActiveCfg = Release|Any CPU
		{6A9414F8-5E97-459A-812B-F1B4C9467573}.Release|Any CPU.Build.0 = Release|Any CPU
		{7D8186BB-5283-4635-B9DB-81D536D0831E}.Debug|Any CPU.ActiveCfg = Debug|Any CPU
		{7D8186BB-5283-4635-B9DB-81D536D0831E}.Debug|Any CPU.Build.0 = Debug|Any CPU
		{7D8186BB-5283-4635-B9DB-81D536D0831E}.Release|Any CPU.ActiveCfg = Release|Any CPU
		{7D8186BB-5283-4635-B9DB-81D536D0831E}.Release|Any CPU.Build.0 = Release|Any CPU
		{3606D42C-2427-462E-A645-1C4C736828B8}.Debug|Any CPU.ActiveCfg = Debug|Any CPU
		{3606D42C-2427-462E-A645-1C4C736828B8}.Debug|Any CPU.Build.0 = Debug|Any CPU
		{3606D42C-2427-462E-A645-1C4C736828B8}.Release|Any CPU.ActiveCfg = Release|Any CPU
		{3606D42C-2427-462E-A645-1C4C736828B8}.Release|Any CPU.Build.0 = Release|Any CPU
		{C3174C18-56B0-4DBA-9304-B3A22C09CA5B}.Debug|Any CPU.ActiveCfg = Debug|Any CPU
		{C3174C18-56B0-4DBA-9304-B3A22C09CA5B}.Debug|Any CPU.Build.0 = Debug|Any CPU
		{C3174C18-56B0-4DBA-9304-B3A22C09CA5B}.Release|Any CPU.ActiveCfg = Release|Any CPU
		{C3174C18-56B0-4DBA-9304-B3A22C09CA5B}.Release|Any CPU.Build.0 = Release|Any CPU
		{12450325-61FE-497E-A7C0-F46144563AFD}.Debug|Any CPU.ActiveCfg = Debug|Any CPU
		{12450325-61FE-497E-A7C0-F46144563AFD}.Debug|Any CPU.Build.0 = Debug|Any CPU
		{12450325-61FE-497E-A7C0-F46144563AFD}.Release|Any CPU.ActiveCfg = Release|Any CPU
		{12450325-61FE-497E-A7C0-F46144563AFD}.Release|Any CPU.Build.0 = Release|Any CPU
		{853D9538-D9E1-47E3-89B5-F19F162ECD4F}.Debug|Any CPU.ActiveCfg = Debug|Any CPU
		{853D9538-D9E1-47E3-89B5-F19F162ECD4F}.Debug|Any CPU.Build.0 = Debug|Any CPU
		{853D9538-D9E1-47E3-89B5-F19F162ECD4F}.Release|Any CPU.ActiveCfg = Release|Any CPU
		{853D9538-D9E1-47E3-89B5-F19F162ECD4F}.Release|Any CPU.Build.0 = Release|Any CPU
		{3FEEC7FD-322F-4A51-8A14-911F56BBB3A5}.Debug|Any CPU.ActiveCfg = Debug|Any CPU
		{3FEEC7FD-322F-4A51-8A14-911F56BBB3A5}.Debug|Any CPU.Build.0 = Debug|Any CPU
		{3FEEC7FD-322F-4A51-8A14-911F56BBB3A5}.Release|Any CPU.ActiveCfg = Release|Any CPU
		{3FEEC7FD-322F-4A51-8A14-911F56BBB3A5}.Release|Any CPU.Build.0 = Release|Any CPU
		{48C122B9-D8E0-4A43-9679-6387296095FD}.Debug|Any CPU.ActiveCfg = Debug|Any CPU
		{48C122B9-D8E0-4A43-9679-6387296095FD}.Debug|Any CPU.Build.0 = Debug|Any CPU
		{48C122B9-D8E0-4A43-9679-6387296095FD}.Release|Any CPU.ActiveCfg = Release|Any CPU
		{48C122B9-D8E0-4A43-9679-6387296095FD}.Release|Any CPU.Build.0 = Release|Any CPU
		{E12F343F-A76D-4DBF-807C-080D90DFD217}.Debug|Any CPU.ActiveCfg = Debug|Any CPU
		{E12F343F-A76D-4DBF-807C-080D90DFD217}.Debug|Any CPU.Build.0 = Debug|Any CPU
		{E12F343F-A76D-4DBF-807C-080D90DFD217}.Release|Any CPU.ActiveCfg = Release|Any CPU
		{E12F343F-A76D-4DBF-807C-080D90DFD217}.Release|Any CPU.Build.0 = Release|Any CPU
		{80EB9884-089B-4461-ADEE-C61323C01F93}.Debug|Any CPU.ActiveCfg = Debug|Any CPU
		{80EB9884-089B-4461-ADEE-C61323C01F93}.Debug|Any CPU.Build.0 = Debug|Any CPU
		{80EB9884-089B-4461-ADEE-C61323C01F93}.Release|Any CPU.ActiveCfg = Release|Any CPU
		{80EB9884-089B-4461-ADEE-C61323C01F93}.Release|Any CPU.Build.0 = Release|Any CPU
		{CF243F63-559F-4710-A21A-35E2AA867CCB}.Debug|Any CPU.ActiveCfg = Debug|Any CPU
		{CF243F63-559F-4710-A21A-35E2AA867CCB}.Debug|Any CPU.Build.0 = Debug|Any CPU
		{CF243F63-559F-4710-A21A-35E2AA867CCB}.Release|Any CPU.ActiveCfg = Release|Any CPU
		{CF243F63-559F-4710-A21A-35E2AA867CCB}.Release|Any CPU.Build.0 = Release|Any CPU
		{41062FA1-DFC1-4E70-B26F-ED8C6EE019B8}.Debug|Any CPU.ActiveCfg = Debug|Any CPU
		{41062FA1-DFC1-4E70-B26F-ED8C6EE019B8}.Debug|Any CPU.Build.0 = Debug|Any CPU
		{41062FA1-DFC1-4E70-B26F-ED8C6EE019B8}.Release|Any CPU.ActiveCfg = Release|Any CPU
		{41062FA1-DFC1-4E70-B26F-ED8C6EE019B8}.Release|Any CPU.Build.0 = Release|Any CPU
		{9FB717C9-4F11-4B8D-BDB9-A10C1EC8FF80}.Debug|Any CPU.ActiveCfg = Debug|Any CPU
		{9FB717C9-4F11-4B8D-BDB9-A10C1EC8FF80}.Debug|Any CPU.Build.0 = Debug|Any CPU
		{9FB717C9-4F11-4B8D-BDB9-A10C1EC8FF80}.Release|Any CPU.ActiveCfg = Release|Any CPU
		{9FB717C9-4F11-4B8D-BDB9-A10C1EC8FF80}.Release|Any CPU.Build.0 = Release|Any CPU
		{EB0E3E60-105E-449D-81B9-226B1F1B015A}.Debug|Any CPU.ActiveCfg = Debug|Any CPU
		{EB0E3E60-105E-449D-81B9-226B1F1B015A}.Debug|Any CPU.Build.0 = Debug|Any CPU
		{EB0E3E60-105E-449D-81B9-226B1F1B015A}.Release|Any CPU.ActiveCfg = Release|Any CPU
		{EB0E3E60-105E-449D-81B9-226B1F1B015A}.Release|Any CPU.Build.0 = Release|Any CPU
		{45555DE3-4787-4178-B627-60393FE1039F}.Debug|Any CPU.ActiveCfg = Debug|Any CPU
		{45555DE3-4787-4178-B627-60393FE1039F}.Debug|Any CPU.Build.0 = Debug|Any CPU
		{45555DE3-4787-4178-B627-60393FE1039F}.Release|Any CPU.ActiveCfg = Release|Any CPU
		{45555DE3-4787-4178-B627-60393FE1039F}.Release|Any CPU.Build.0 = Release|Any CPU
		{60831C40-06F7-4737-81DA-175C5DBAD4F9}.Debug|Any CPU.ActiveCfg = Debug|Any CPU
		{60831C40-06F7-4737-81DA-175C5DBAD4F9}.Debug|Any CPU.Build.0 = Debug|Any CPU
		{60831C40-06F7-4737-81DA-175C5DBAD4F9}.Release|Any CPU.ActiveCfg = Release|Any CPU
		{60831C40-06F7-4737-81DA-175C5DBAD4F9}.Release|Any CPU.Build.0 = Release|Any CPU
		{FE6EC939-68A5-4091-8491-24E4397353A3}.Debug|Any CPU.ActiveCfg = Debug|Any CPU
		{FE6EC939-68A5-4091-8491-24E4397353A3}.Debug|Any CPU.Build.0 = Debug|Any CPU
		{FE6EC939-68A5-4091-8491-24E4397353A3}.Release|Any CPU.ActiveCfg = Release|Any CPU
		{FE6EC939-68A5-4091-8491-24E4397353A3}.Release|Any CPU.Build.0 = Release|Any CPU
		{83321335-9783-4A75-9435-2919ABB91684}.Debug|Any CPU.ActiveCfg = Debug|Any CPU
		{83321335-9783-4A75-9435-2919ABB91684}.Debug|Any CPU.Build.0 = Debug|Any CPU
		{83321335-9783-4A75-9435-2919ABB91684}.Release|Any CPU.ActiveCfg = Release|Any CPU
		{83321335-9783-4A75-9435-2919ABB91684}.Release|Any CPU.Build.0 = Release|Any CPU
	EndGlobalSection
	GlobalSection(SolutionProperties) = preSolution
		HideSolutionNode = FALSE
	EndGlobalSection
	GlobalSection(NestedProjects) = preSolution
		{07A9D2F7-7C63-472E-94C4-F690FF52140B} = {051168C2-CE68-4F9F-A56D-2032E7EEF184}
		{E32A13B3-9156-4C5D-A68F-E6DF0A14349D} = {07A9D2F7-7C63-472E-94C4-F690FF52140B}
		{4ECA5786-3CC2-437D-8331-7495349C1B2F} = {07A9D2F7-7C63-472E-94C4-F690FF52140B}
		{1926B5D9-5CE8-4A60-9F63-32463E9B4D25} = {07A9D2F7-7C63-472E-94C4-F690FF52140B}
		{240249A1-7D38-4B89-8497-48D961894065} = {051168C2-CE68-4F9F-A56D-2032E7EEF184}
		{5C74AA76-AE84-4215-9E67-F7EBB1B6C2C9} = {240249A1-7D38-4B89-8497-48D961894065}
		{964F4C41-0AFA-42CB-B00B-1953798620F2} = {240249A1-7D38-4B89-8497-48D961894065}
		{759723E6-EE7C-4877-BE5C-F463585D8AFA} = {240249A1-7D38-4B89-8497-48D961894065}
		{47F7036D-17CB-4C89-93D9-C9CB37A75C51} = {240249A1-7D38-4B89-8497-48D961894065}
		{5DF46281-B418-4850-A914-D2E4D4762531} = {051168C2-CE68-4F9F-A56D-2032E7EEF184}
		{E631BBDD-0202-4761-913F-287C5519CEC4} = {5DF46281-B418-4850-A914-D2E4D4762531}
		{E7BD9E5E-9D99-4F12-AABC-DD23B8C67785} = {051168C2-CE68-4F9F-A56D-2032E7EEF184}
		{6A9414F8-5E97-459A-812B-F1B4C9467573} = {E7BD9E5E-9D99-4F12-AABC-DD23B8C67785}
		{7D8186BB-5283-4635-B9DB-81D536D0831E} = {E7BD9E5E-9D99-4F12-AABC-DD23B8C67785}
		{3606D42C-2427-462E-A645-1C4C736828B8} = {E7BD9E5E-9D99-4F12-AABC-DD23B8C67785}
		{C3174C18-56B0-4DBA-9304-B3A22C09CA5B} = {E7BD9E5E-9D99-4F12-AABC-DD23B8C67785}
		{12450325-61FE-497E-A7C0-F46144563AFD} = {E7BD9E5E-9D99-4F12-AABC-DD23B8C67785}
		{D811A726-ED9E-497A-B177-7C56998AAC5E} = {C415C74E-C547-456D-9B00-5DF35064EDD8}
		{853D9538-D9E1-47E3-89B5-F19F162ECD4F} = {D811A726-ED9E-497A-B177-7C56998AAC5E}
		{3FEEC7FD-322F-4A51-8A14-911F56BBB3A5} = {D811A726-ED9E-497A-B177-7C56998AAC5E}
		{48C122B9-D8E0-4A43-9679-6387296095FD} = {D811A726-ED9E-497A-B177-7C56998AAC5E}
		{278E7ED9-FE1C-4821-B760-D51C9508E4ED} = {C415C74E-C547-456D-9B00-5DF35064EDD8}
		{E12F343F-A76D-4DBF-807C-080D90DFD217} = {278E7ED9-FE1C-4821-B760-D51C9508E4ED}
		{80EB9884-089B-4461-ADEE-C61323C01F93} = {278E7ED9-FE1C-4821-B760-D51C9508E4ED}
		{CF243F63-559F-4710-A21A-35E2AA867CCB} = {278E7ED9-FE1C-4821-B760-D51C9508E4ED}
		{41062FA1-DFC1-4E70-B26F-ED8C6EE019B8} = {278E7ED9-FE1C-4821-B760-D51C9508E4ED}
		{C15E3BB6-C767-4ED7-AD83-7E372CBAF7ED} = {C415C74E-C547-456D-9B00-5DF35064EDD8}
		{9FB717C9-4F11-4B8D-BDB9-A10C1EC8FF80} = {C15E3BB6-C767-4ED7-AD83-7E372CBAF7ED}
		{48F855B4-EE67-4055-8E3A-C7BCA1B6ED5B} = {C415C74E-C547-456D-9B00-5DF35064EDD8}
		{EB0E3E60-105E-449D-81B9-226B1F1B015A} = {48F855B4-EE67-4055-8E3A-C7BCA1B6ED5B}
		{45555DE3-4787-4178-B627-60393FE1039F} = {48F855B4-EE67-4055-8E3A-C7BCA1B6ED5B}
		{60831C40-06F7-4737-81DA-175C5DBAD4F9} = {48F855B4-EE67-4055-8E3A-C7BCA1B6ED5B}
		{FE6EC939-68A5-4091-8491-24E4397353A3} = {48F855B4-EE67-4055-8E3A-C7BCA1B6ED5B}
		{83321335-9783-4A75-9435-2919ABB91684} = {48F855B4-EE67-4055-8E3A-C7BCA1B6ED5B}
	EndGlobalSection
	GlobalSection(ExtensibilityGlobals) = postSolution
		SolutionGuid = {061982C3-48BC-46D3-A94A-E6ED902A1D89}
	EndGlobalSection
EndGlobal
